
Microsoft Visual Studio Solution File, Format Version 12.00
# Visual Studio 15
VisualStudioVersion = 15.0.27130.2010
MinimumVisualStudioVersion = 10.0.40219.1
Project("{2150E333-8FDC-42A3-9474-1A3956D46DE8}") = "src", "src", "{672FEA18-F072-4549-9C4C-DBD1F9CDC7BB}"
EndProject
Project("{2150E333-8FDC-42A3-9474-1A3956D46DE8}") = "_", "_", "{E9754587-13F5-4E3A-9F3F-71C98EF97990}"
	ProjectSection(SolutionItems) = preProject
		.gitattributes = .gitattributes
		.gitignore = .gitignore
		global.json = global.json
		NuGet.Config = NuGet.Config
		README.md = README.md
	EndProjectSection
EndProject
Project("{2150E333-8FDC-42A3-9474-1A3956D46DE8}") = "test", "test", "{73FCFCF4-3A1C-4D4D-939A-9CABDC2341DC}"
EndProject
Project("{2150E333-8FDC-42A3-9474-1A3956D46DE8}") = "samples", "samples", "{6E6B9D58-9128-47E7-956E-8DB335D2247E}"
EndProject
Project("{9A19103F-16F7-4668-BE54-9A1E7A4F7556}") = "UnitTests", "test\UnitTests\UnitTests.csproj", "{106E69F5-FD4B-46DE-BE16-21C0271A83C7}"
EndProject
Project("{9A19103F-16F7-4668-BE54-9A1E7A4F7556}") = "Demo", "samples\Demo\Demo.csproj", "{6F343D69-D804-46F0-B4A6-F6C1C5C99282}"
EndProject
Project("{9A19103F-16F7-4668-BE54-9A1E7A4F7556}") = "WeixinOpen.Demo", "samples\WeixinOpen.Demo\WeixinOpen.Demo.csproj", "{BFBC81E0-1219-4AFF-89FC-7296B7B511BF}"
EndProject
Project("{9A19103F-16F7-4668-BE54-9A1E7A4F7556}") = "WeixinAuth.Demo", "samples\WeixinAuth.Demo\WeixinAuth.Demo.csproj", "{6D06CB5D-94B7-419C-8B0F-73136439CE92}"
EndProject
Project("{9A19103F-16F7-4668-BE54-9A1E7A4F7556}") = "QQ.Demo", "samples\QQOAuth.Demo\QQ.Demo.csproj", "{A48AECA7-025F-468B-983E-89FD5E5C9086}"
EndProject
Project("{9A19103F-16F7-4668-BE54-9A1E7A4F7556}") = "AspNetCore.Authentication.QQ", "src\AspNetCore.Authentication.QQ\AspNetCore.Authentication.QQ.csproj", "{2471337D-7A3B-4135-8653-EC3FFB11B296}"
EndProject
Project("{9A19103F-16F7-4668-BE54-9A1E7A4F7556}") = "AspNetCore.Authentication.WeixinAuth", "src\AspNetCore.Authentication.WeixinAuth\AspNetCore.Authentication.WeixinAuth.csproj", "{1F9B6AD2-A2F9-48C3-8B9C-12FAA1341D79}"
EndProject
Project("{9A19103F-16F7-4668-BE54-9A1E7A4F7556}") = "AspNetCore.Authentication.WeixinOpen", "src\AspNetCore.Authentication.WeixinOpen\AspNetCore.Authentication.WeixinOpen.csproj", "{1833B5FF-3128-4574-9B91-D8F8EEC033FA}"
EndProject
Global
	GlobalSection(SolutionConfigurationPlatforms) = preSolution
		Debug|Any CPU = Debug|Any CPU
		Release|Any CPU = Release|Any CPU
	EndGlobalSection
	GlobalSection(ProjectConfigurationPlatforms) = postSolution
		{106E69F5-FD4B-46DE-BE16-21C0271A83C7}.Debug|Any CPU.ActiveCfg = Debug|Any CPU
		{106E69F5-FD4B-46DE-BE16-21C0271A83C7}.Debug|Any CPU.Build.0 = Debug|Any CPU
		{106E69F5-FD4B-46DE-BE16-21C0271A83C7}.Release|Any CPU.ActiveCfg = Release|Any CPU
		{106E69F5-FD4B-46DE-BE16-21C0271A83C7}.Release|Any CPU.Build.0 = Release|Any CPU
		{6F343D69-D804-46F0-B4A6-F6C1C5C99282}.Debug|Any CPU.ActiveCfg = Debug|Any CPU
		{6F343D69-D804-46F0-B4A6-F6C1C5C99282}.Debug|Any CPU.Build.0 = Debug|Any CPU
		{6F343D69-D804-46F0-B4A6-F6C1C5C99282}.Release|Any CPU.ActiveCfg = Release|Any CPU
		{6F343D69-D804-46F0-B4A6-F6C1C5C99282}.Release|Any CPU.Build.0 = Release|Any CPU
		{BFBC81E0-1219-4AFF-89FC-7296B7B511BF}.Debug|Any CPU.ActiveCfg = Debug|Any CPU
		{BFBC81E0-1219-4AFF-89FC-7296B7B511BF}.Debug|Any CPU.Build.0 = Debug|Any CPU
		{BFBC81E0-1219-4AFF-89FC-7296B7B511BF}.Release|Any CPU.ActiveCfg = Release|Any CPU
		{BFBC81E0-1219-4AFF-89FC-7296B7B511BF}.Release|Any CPU.Build.0 = Release|Any CPU
		{6D06CB5D-94B7-419C-8B0F-73136439CE92}.Debug|Any CPU.ActiveCfg = Debug|Any CPU
		{6D06CB5D-94B7-419C-8B0F-73136439CE92}.Debug|Any CPU.Build.0 = Debug|Any CPU
		{6D06CB5D-94B7-419C-8B0F-73136439CE92}.Release|Any CPU.ActiveCfg = Release|Any CPU
		{6D06CB5D-94B7-419C-8B0F-73136439CE92}.Release|Any CPU.Build.0 = Release|Any CPU
		{A48AECA7-025F-468B-983E-89FD5E5C9086}.Debug|Any CPU.ActiveCfg = Debug|Any CPU
		{A48AECA7-025F-468B-983E-89FD5E5C9086}.Debug|Any CPU.Build.0 = Debug|Any CPU
		{A48AECA7-025F-468B-983E-89FD5E5C9086}.Release|Any CPU.ActiveCfg = Release|Any CPU
		{A48AECA7-025F-468B-983E-89FD5E5C9086}.Release|Any CPU.Build.0 = Release|Any CPU
		{2471337D-7A3B-4135-8653-EC3FFB11B296}.Debug|Any CPU.ActiveCfg = Debug|Any CPU
		{2471337D-7A3B-4135-8653-EC3FFB11B296}.Debug|Any CPU.Build.0 = Debug|Any CPU
		{2471337D-7A3B-4135-8653-EC3FFB11B296}.Release|Any CPU.ActiveCfg = Release|Any CPU
		{2471337D-7A3B-4135-8653-EC3FFB11B296}.Release|Any CPU.Build.0 = Release|Any CPU
		{1F9B6AD2-A2F9-48C3-8B9C-12FAA1341D79}.Debug|Any CPU.ActiveCfg = Debug|Any CPU
		{1F9B6AD2-A2F9-48C3-8B9C-12FAA1341D79}.Debug|Any CPU.Build.0 = Debug|Any CPU
		{1F9B6AD2-A2F9-48C3-8B9C-12FAA1341D79}.Release|Any CPU.ActiveCfg = Release|Any CPU
		{1F9B6AD2-A2F9-48C3-8B9C-12FAA1341D79}.Release|Any CPU.Build.0 = Release|Any CPU
		{1833B5FF-3128-4574-9B91-D8F8EEC033FA}.Debug|Any CPU.ActiveCfg = Debug|Any CPU
		{1833B5FF-3128-4574-9B91-D8F8EEC033FA}.Debug|Any CPU.Build.0 = Debug|Any CPU
		{1833B5FF-3128-4574-9B91-D8F8EEC033FA}.Release|Any CPU.ActiveCfg = Release|Any CPU
		{1833B5FF-3128-4574-9B91-D8F8EEC033FA}.Release|Any CPU.Build.0 = Release|Any CPU
	EndGlobalSection
	GlobalSection(SolutionProperties) = preSolution
		HideSolutionNode = FALSE
	EndGlobalSection
	GlobalSection(NestedProjects) = preSolution
		{106E69F5-FD4B-46DE-BE16-21C0271A83C7} = {73FCFCF4-3A1C-4D4D-939A-9CABDC2341DC}
		{6F343D69-D804-46F0-B4A6-F6C1C5C99282} = {6E6B9D58-9128-47E7-956E-8DB335D2247E}
		{BFBC81E0-1219-4AFF-89FC-7296B7B511BF} = {6E6B9D58-9128-47E7-956E-8DB335D2247E}
		{6D06CB5D-94B7-419C-8B0F-73136439CE92} = {6E6B9D58-9128-47E7-956E-8DB335D2247E}
		{A48AECA7-025F-468B-983E-89FD5E5C9086} = {6E6B9D58-9128-47E7-956E-8DB335D2247E}
		{2471337D-7A3B-4135-8653-EC3FFB11B296} = {672FEA18-F072-4549-9C4C-DBD1F9CDC7BB}
		{1F9B6AD2-A2F9-48C3-8B9C-12FAA1341D79} = {672FEA18-F072-4549-9C4C-DBD1F9CDC7BB}
		{1833B5FF-3128-4574-9B91-D8F8EEC033FA} = {672FEA18-F072-4549-9C4C-DBD1F9CDC7BB}
	EndGlobalSection
	GlobalSection(ExtensibilityGlobals) = postSolution
		SolutionGuid = {2AEDFD1F-BBE1-4727-9978-2FB04DCE84AF}
	EndGlobalSection
EndGlobal
