
Microsoft Visual Studio Solution File, Format Version 12.00
# Visual Studio 15
VisualStudioVersion = 15.0.27130.2010
MinimumVisualStudioVersion = 10.0.40219.1
Project("{2150E333-8FDC-42A3-9474-1A3956D46DE8}") = "src", "src", "{672FEA18-F072-4549-9C4C-DBD1F9CDC7BB}"
EndProject
Project("{2150E333-8FDC-42A3-9474-1A3956D46DE8}") = "_", "_", "{E9754587-13F5-4E3A-9F3F-71C98EF97990}"
	ProjectSection(SolutionItems) = preProject
		.gitattributes = .gitattributes
		.gitignore = .gitignore
		Changelog.md = Changelog.md
		global.jsonx = global.jsonx
		NuGet.Config = NuGet.Config
		README.md = README.md
	EndProjectSection
EndProject
Project("{2150E333-8FDC-42A3-9474-1A3956D46DE8}") = "test", "test", "{73FCFCF4-3A1C-4D4D-939A-9CABDC2341DC}"
EndProject
Project("{2150E333-8FDC-42A3-9474-1A3956D46DE8}") = "samples", "samples", "{6E6B9D58-9128-47E7-956E-8DB335D2247E}"
EndProject
Project("{9A19103F-16F7-4668-BE54-9A1E7A4F7556}") = "Demo", "samples\Demo\Demo.csproj", "{6F343D69-D804-46F0-B4A6-F6C1C5C99282}"
EndProject
Project("{9A19103F-16F7-4668-BE54-9A1E7A4F7556}") = "WeixinAuth", "src\WeixinAuth\WeixinAuth.csproj", "{009C886C-3B18-44F3-8509-5EAF6731E276}"
EndProject
Project("{9A19103F-16F7-4668-BE54-9A1E7A4F7556}") = "WeixinOpen", "src\WeixinOpen\WeixinOpen.csproj", "{C68C8D63-7FBA-4BE2-B929-C2B00A59C5A6}"
EndProject
Project("{9A19103F-16F7-4668-BE54-9A1E7A4F7556}") = "QQConnect", "src\QQConnect\QQConnect.csproj", "{1E918763-5FDE-44AA-9634-6013987226E7}"
EndProject
Project("{9A19103F-16F7-4668-BE54-9A1E7A4F7556}") = "UnitTest", "test\UnitTest\UnitTest.csproj", "{53D4F64D-7ACB-4D01-89CC-627DC2A20FB9}"
EndProject
Global
	GlobalSection(SolutionConfigurationPlatforms) = preSolution
		Debug|Any CPU = Debug|Any CPU
		Release|Any CPU = Release|Any CPU
	EndGlobalSection
	GlobalSection(ProjectConfigurationPlatforms) = postSolution
		{6F343D69-D804-46F0-B4A6-F6C1C5C99282}.Debug|Any CPU.ActiveCfg = Debug|Any CPU
		{6F343D69-D804-46F0-B4A6-F6C1C5C99282}.Debug|Any CPU.Build.0 = Debug|Any CPU
		{6F343D69-D804-46F0-B4A6-F6C1C5C99282}.Release|Any CPU.ActiveCfg = Release|Any CPU
		{6F343D69-D804-46F0-B4A6-F6C1C5C99282}.Release|Any CPU.Build.0 = Release|Any CPU
		{009C886C-3B18-44F3-8509-5EAF6731E276}.Debug|Any CPU.ActiveCfg = Debug|Any CPU
		{009C886C-3B18-44F3-8509-5EAF6731E276}.Debug|Any CPU.Build.0 = Debug|Any CPU
		{009C886C-3B18-44F3-8509-5EAF6731E276}.Release|Any CPU.ActiveCfg = Release|Any CPU
		{009C886C-3B18-44F3-8509-5EAF6731E276}.Release|Any CPU.Build.0 = Release|Any CPU
		{C68C8D63-7FBA-4BE2-B929-C2B00A59C5A6}.Debug|Any CPU.ActiveCfg = Debug|Any CPU
		{C68C8D63-7FBA-4BE2-B929-C2B00A59C5A6}.Debug|Any CPU.Build.0 = Debug|Any CPU
		{C68C8D63-7FBA-4BE2-B929-C2B00A59C5A6}.Release|Any CPU.ActiveCfg = Release|Any CPU
		{C68C8D63-7FBA-4BE2-B929-C2B00A59C5A6}.Release|Any CPU.Build.0 = Release|Any CPU
		{1E918763-5FDE-44AA-9634-6013987226E7}.Debug|Any CPU.ActiveCfg = Debug|Any CPU
		{1E918763-5FDE-44AA-9634-6013987226E7}.Debug|Any CPU.Build.0 = Debug|Any CPU
		{1E918763-5FDE-44AA-9634-6013987226E7}.Release|Any CPU.ActiveCfg = Release|Any CPU
		{1E918763-5FDE-44AA-9634-6013987226E7}.Release|Any CPU.Build.0 = Release|Any CPU
		{53D4F64D-7ACB-4D01-89CC-627DC2A20FB9}.Debug|Any CPU.ActiveCfg = Debug|Any CPU
		{53D4F64D-7ACB-4D01-89CC-627DC2A20FB9}.Debug|Any CPU.Build.0 = Debug|Any CPU
		{53D4F64D-7ACB-4D01-89CC-627DC2A20FB9}.Release|Any CPU.ActiveCfg = Release|Any CPU
		{53D4F64D-7ACB-4D01-89CC-627DC2A20FB9}.Release|Any CPU.Build.0 = Release|Any CPU
	EndGlobalSection
	GlobalSection(SolutionProperties) = preSolution
		HideSolutionNode = FALSE
	EndGlobalSection
	GlobalSection(NestedProjects) = preSolution
		{6F343D69-D804-46F0-B4A6-F6C1C5C99282} = {6E6B9D58-9128-47E7-956E-8DB335D2247E}
		{009C886C-3B18-44F3-8509-5EAF6731E276} = {672FEA18-F072-4549-9C4C-DBD1F9CDC7BB}
		{C68C8D63-7FBA-4BE2-B929-C2B00A59C5A6} = {672FEA18-F072-4549-9C4C-DBD1F9CDC7BB}
		{1E918763-5FDE-44AA-9634-6013987226E7} = {672FEA18-F072-4549-9C4C-DBD1F9CDC7BB}
		{53D4F64D-7ACB-4D01-89CC-627DC2A20FB9} = {73FCFCF4-3A1C-4D4D-939A-9CABDC2341DC}
	EndGlobalSection
	GlobalSection(ExtensibilityGlobals) = postSolution
		SolutionGuid = {2AEDFD1F-BBE1-4727-9978-2FB04DCE84AF}
	EndGlobalSection
EndGlobal
