
Microsoft Visual Studio Solution File, Format Version 12.00
# Visual Studio Version 17
VisualStudioVersion = 17.1.32319.34
MinimumVisualStudioVersion = 10.0.40219.1
Project("{2150E333-8FDC-42A3-9474-1A3956D46DE8}") = "src", "src", "{672FEA18-F072-4549-9C4C-DBD1F9CDC7BB}"
EndProject
Project("{2150E333-8FDC-42A3-9474-1A3956D46DE8}") = "_", "_", "{E9754587-13F5-4E3A-9F3F-71C98EF97990}"
	ProjectSection(SolutionItems) = preProject
		.gitignore = .gitignore
		Changelog.md = Changelog.md
		delete_all_bin_and_obj.cmd = delete_all_bin_and_obj.cmd
		Directory.Build.props = Directory.Build.props
		Directory.Build.targets = Directory.Build.targets
		global.json = global.json
		LICENSE.txt = LICENSE.txt
		README.md = README.md
	EndProjectSection
EndProject
Project("{2150E333-8FDC-42A3-9474-1A3956D46DE8}") = "test", "test", "{73FCFCF4-3A1C-4D4D-939A-9CABDC2341DC}"
EndProject
Project("{9A19103F-16F7-4668-BE54-9A1E7A4F7556}") = "WeixinAuth", "src\WeixinAuth\WeixinAuth.csproj", "{009C886C-3B18-44F3-8509-5EAF6731E276}"
EndProject
Project("{9A19103F-16F7-4668-BE54-9A1E7A4F7556}") = "WeixinAuth.UnitTest", "test\WeixinAuth.UnitTest\WeixinAuth.UnitTest.csproj", "{94ABBE67-3755-4DD1-A25E-2407FB32C60E}"
EndProject
Project("{2150E333-8FDC-42A3-9474-1A3956D46DE8}") = "workflows", "workflows", "{02EA681E-C7D8-13C7-8484-4AC65E1B71E8}"
	ProjectSection(SolutionItems) = preProject
		.github\workflows\build-and-test.yml = .github\workflows\build-and-test.yml
		.github\dependabot.yml = .github\dependabot.yml
		.github\workflows\pack-and-publish.yml = .github\workflows\pack-and-publish.yml
		.github\workflows\publish.yml = .github\workflows\publish.yml
		.github\workflows\test.yml = .github\workflows\test.yml
	EndProjectSection
EndProject
Global
	GlobalSection(SolutionConfigurationPlatforms) = preSolution
		Debug|Any CPU = Debug|Any CPU
		Release|Any CPU = Release|Any CPU
	EndGlobalSection
	GlobalSection(ProjectConfigurationPlatforms) = postSolution
		{009C886C-3B18-44F3-8509-5EAF6731E276}.Debug|Any CPU.ActiveCfg = Debug|Any CPU
		{009C886C-3B18-44F3-8509-5EAF6731E276}.Debug|Any CPU.Build.0 = Debug|Any CPU
		{009C886C-3B18-44F3-8509-5EAF6731E276}.Release|Any CPU.ActiveCfg = Release|Any CPU
		{009C886C-3B18-44F3-8509-5EAF6731E276}.Release|Any CPU.Build.0 = Release|Any CPU
		{94ABBE67-3755-4DD1-A25E-2407FB32C60E}.Debug|Any CPU.ActiveCfg = Debug|Any CPU
		{94ABBE67-3755-4DD1-A25E-2407FB32C60E}.Debug|Any CPU.Build.0 = Debug|Any CPU
		{94ABBE67-3755-4DD1-A25E-2407FB32C60E}.Release|Any CPU.ActiveCfg = Release|Any CPU
		{94ABBE67-3755-4DD1-A25E-2407FB32C60E}.Release|Any CPU.Build.0 = Release|Any CPU
	EndGlobalSection
	GlobalSection(SolutionProperties) = preSolution
		HideSolutionNode = FALSE
	EndGlobalSection
	GlobalSection(NestedProjects) = preSolution
		{009C886C-3B18-44F3-8509-5EAF6731E276} = {672FEA18-F072-4549-9C4C-DBD1F9CDC7BB}
		{94ABBE67-3755-4DD1-A25E-2407FB32C60E} = {73FCFCF4-3A1C-4D4D-939A-9CABDC2341DC}
		{02EA681E-C7D8-13C7-8484-4AC65E1B71E8} = {E9754587-13F5-4E3A-9F3F-71C98EF97990}
	EndGlobalSection
	GlobalSection(ExtensibilityGlobals) = postSolution
		SolutionGuid = {2AEDFD1F-BBE1-4727-9978-2FB04DCE84AF}
	EndGlobalSection
EndGlobal
